
Microsoft Visual Studio Solution File, Format Version 12.00
# Visual Studio Version 17
VisualStudioVersion = 17.14.36414.22 d17.14
MinimumVisualStudioVersion = 10.0.40219.1
Project("{FAE04EC0-301F-11D3-BF4B-00C04F79EFBC}") = "TestTaskEditImageWpf", "TestTaskEditImageWpf\TestTaskEditImageWpf.csproj", "{7CF7F04A-BF34-42F8-B810-6ADDC58BFC03}"
EndProject
Project("{FAE04EC0-301F-11D3-BF4B-00C04F79EFBC}") = "TestEditImageWpf", "TestEditImageWpf\TestEditImageWpf.csproj", "{C22759A2-28A8-4F4B-98FE-99BA8FAA4F87}"
EndProject
Global
	GlobalSection(SolutionConfigurationPlatforms) = preSolution
		Debug|Any CPU = Debug|Any CPU
		Release|Any CPU = Release|Any CPU
	EndGlobalSection
	GlobalSection(ProjectConfigurationPlatforms) = postSolution
		{7CF7F04A-BF34-42F8-B810-6ADDC58BFC03}.Debug|Any CPU.ActiveCfg = Debug|Any CPU
		{7CF7F04A-BF34-42F8-B810-6ADDC58BFC03}.Debug|Any CPU.Build.0 = Debug|Any CPU
		{7CF7F04A-BF34-42F8-B810-6ADDC58BFC03}.Release|Any CPU.ActiveCfg = Release|Any CPU
		{7CF7F04A-BF34-42F8-B810-6ADDC58BFC03}.Release|Any CPU.Build.0 = Release|Any CPU
		{C22759A2-28A8-4F4B-98FE-99BA8FAA4F87}.Debug|Any CPU.ActiveCfg = Debug|Any CPU
		{C22759A2-28A8-4F4B-98FE-99BA8FAA4F87}.Debug|Any CPU.Build.0 = Debug|Any CPU
		{C22759A2-28A8-4F4B-98FE-99BA8FAA4F87}.Release|Any CPU.ActiveCfg = Release|Any CPU
		{C22759A2-28A8-4F4B-98FE-99BA8FAA4F87}.Release|Any CPU.Build.0 = Release|Any CPU
	EndGlobalSection
	GlobalSection(SolutionProperties) = preSolution
		HideSolutionNode = FALSE
	EndGlobalSection
	GlobalSection(ExtensibilityGlobals) = postSolution
		SolutionGuid = {394319C5-91B0-450A-A6F8-DB604A62525D}
	EndGlobalSection
EndGlobal
